
Microsoft Visual Studio Solution File, Format Version 12.00
# Visual Studio Version 17
VisualStudioVersion = 17.5.002.0
MinimumVisualStudioVersion = 10.0.40219.1
Project("{9A19103F-16F7-4668-BE54-9A1E7A4F7556}") = "TrilhaApiDesafio", "TrilhaApiDesafio.csproj", "{BE3558C7-9A32-408B-A68C-2B7958567954}"
EndProject
Global
	GlobalSection(SolutionConfigurationPlatforms) = preSolution
		Debug|Any CPU = Debug|Any CPU
		Release|Any CPU = Release|Any CPU
	EndGlobalSection
	GlobalSection(ProjectConfigurationPlatforms) = postSolution
		{BE3558C7-9A32-408B-A68C-2B7958567954}.Debug|Any CPU.ActiveCfg = Debug|Any CPU
		{BE3558C7-9A32-408B-A68C-2B7958567954}.Debug|Any CPU.Build.0 = Debug|Any CPU
		{BE3558C7-9A32-408B-A68C-2B7958567954}.Release|Any CPU.ActiveCfg = Release|Any CPU
		{BE3558C7-9A32-408B-A68C-2B7958567954}.Release|Any CPU.Build.0 = Release|Any CPU
	EndGlobalSection
	GlobalSection(SolutionProperties) = preSolution
		HideSolutionNode = FALSE
	EndGlobalSection
	GlobalSection(ExtensibilityGlobals) = postSolution
		SolutionGuid = {8D180D11-4CE2-47EB-9EF1-31ADF13CBDD2}
	EndGlobalSection
EndGlobal
